Microsoft Visual Studio Solution File, Format Version 12.00
# Visual Studio Version 17
VisualStudioVersion = 17.5.2.0
MinimumVisualStudioVersion = 10.0.40219.1
Project("{FAE04EC0-301F-11D3-BF4B-00C04F79EFBC}") = "ContagemDePalavras", "ContagemDePalavras.csproj", "{D691E92E-7A2B-F16C-8C12-B1BB50C5B74D}"
EndProject
Global
	GlobalSection(SolutionConfigurationPlatforms) = preSolution
		Debug|Any CPU = Debug|Any CPU
		Release|Any CPU = Release|Any CPU
	EndGlobalSection
	GlobalSection(ProjectConfigurationPlatforms) = postSolution
		{D691E92E-7A2B-F16C-8C12-B1BB50C5B74D}.Debug|Any CPU.ActiveCfg = Debug|Any CPU
		{D691E92E-7A2B-F16C-8C12-B1BB50C5B74D}.Debug|Any CPU.Build.0 = Debug|Any CPU
		{D691E92E-7A2B-F16C-8C12-B1BB50C5B74D}.Release|Any CPU.ActiveCfg = Release|Any CPU
		{D691E92E-7A2B-F16C-8C12-B1BB50C5B74D}.Release|Any CPU.Build.0 = Release|Any CPU
	EndGlobalSection
	GlobalSection(SolutionProperties) = preSolution
		HideSolutionNode = FALSE
	EndGlobalSection
	GlobalSection(ExtensibilityGlobals) = postSolution
		SolutionGuid = {5058021F-9E58-48E2-81CE-296D5376C36E}
	EndGlobalSection
EndGlobal
